// !$*UTF8*$!
{
	archiveVersion = 1;
	classes = {
	};
	objectVersion = 48;
	objects = {

/* Begin PBXBuildFile section */
		140AF8222010B019000E9CE4 /* UIBarButtonItem-Extention.swift in Sources */ = {isa = PBXBuildFile; fileRef = 140AF8212010B019000E9CE4 /* UIBarButtonItem-Extention.swift */; };
		140AF8242010B5EF000E9CE4 /* TitleButton.swift in Sources */ = {isa = PBXBuildFile; fileRef = 140AF8232010B5EF000E9CE4 /* TitleButton.swift */; };
		140AF8282010DB91000E9CE4 /* PopoverViewController.swift in Sources */ = {isa = PBXBuildFile; fileRef = 140AF8262010DB90000E9CE4 /* PopoverViewController.swift */; };
		140AF8292010DB91000E9CE4 /* PopoverViewController.xib in Resources */ = {isa = PBXBuildFile; fileRef = 140AF8272010DB90000E9CE4 /* PopoverViewController.xib */; };
		140AF82B2010E95D000E9CE4 /* JWWPresentationController.swift in Sources */ = {isa = PBXBuildFile; fileRef = 140AF82A2010E95D000E9CE4 /* JWWPresentationController.swift */; };
		140AF82D2014F053000E9CE4 /* JWWPopoverAnimator.swift in Sources */ = {isa = PBXBuildFile; fileRef = 140AF82C2014F053000E9CE4 /* JWWPopoverAnimator.swift */; };
		140CC82B20303CF900277E1E /* PhotoBrowserAnimator.swift in Sources */ = {isa = PBXBuildFile; fileRef = 140CC82A20303CF900277E1E /* PhotoBrowserAnimator.swift */; };
		140E091D200F29CF0035150C /* UIButton-Extension.swift in Sources */ = {isa = PBXBuildFile; fileRef = 140E091C200F29CF0035150C /* UIButton-Extension.swift */; };
		140E0921200F4D2F0035150C /* VisitorBaseViewController.swift in Sources */ = {isa = PBXBuildFile; fileRef = 140E091F200F4D2F0035150C /* VisitorBaseViewController.swift */; };
		140E0924200F54550035150C /* VisitorView.swift in Sources */ = {isa = PBXBuildFile; fileRef = 140E0923200F54550035150C /* VisitorView.swift */; };
		140E0926200F54950035150C /* VisitorView.xib in Resources */ = {isa = PBXBuildFile; fileRef = 140E0925200F54950035150C /* VisitorView.xib */; };
		141132BB201CDFA7005A579C /* PicView.swift in Sources */ = {isa = PBXBuildFile; fileRef = 141132BA201CDFA7005A579C /* PicView.swift */; };
		1413D680202E29A0003D0F61 /* PhotoBrowserViewCell.swift in Sources */ = {isa = PBXBuildFile; fileRef = 1413D67E202E29A0003D0F61 /* PhotoBrowserViewCell.swift */; };
		1413D681202E29A0003D0F61 /* PhotoBrowserViewCell.xib in Resources */ = {isa = PBXBuildFile; fileRef = 1413D67F202E29A0003D0F61 /* PhotoBrowserViewCell.xib */; };
		1413D683202EE7DA003D0F61 /* ProgressView.swift in Sources */ = {isa = PBXBuildFile; fileRef = 1413D682202EE7DA003D0F61 /* ProgressView.swift */; };
		14215F8B200DCBF000C6B746 /* AppDelegate.swift in Sources */ = {isa = PBXBuildFile; fileRef = 14215F8A200DCBF000C6B746 /* AppDelegate.swift */; };
		14215F90200DCBF000C6B746 /* Main.storyboard in Resources */ = {isa = PBXBuildFile; fileRef = 14215F8E200DCBF000C6B746 /* Main.storyboard */; };
		14215F92200DCBF000C6B746 /* Assets.xcassets in Resources */ = {isa = PBXBuildFile; fileRef = 14215F91200DCBF000C6B746 /* Assets.xcassets */; };
		14215F95200DCBF000C6B746 /* LaunchScreen.storyboard in Resources */ = {isa = PBXBuildFile; fileRef = 14215F93200DCBF000C6B746 /* LaunchScreen.storyboard */; };
		14216018200E446100C6B746 /* MainViewController.swift in Sources */ = {isa = PBXBuildFile; fileRef = 14216017200E446100C6B746 /* MainViewController.swift */; };
		1421602A200E6CFB00C6B746 /* ProfileViewController.swift in Sources */ = {isa = PBXBuildFile; fileRef = 14216029200E6CFB00C6B746 /* ProfileViewController.swift */; };
		1421602C200E6D0800C6B746 /* MessageViewController.swift in Sources */ = {isa = PBXBuildFile; fileRef = 1421602B200E6D0800C6B746 /* MessageViewController.swift */; };
		1421602E200E6D1300C6B746 /* HomeViewController.swift in Sources */ = {isa = PBXBuildFile; fileRef = 1421602D200E6D1300C6B746 /* HomeViewController.swift */; };
		14216030200E6D1E00C6B746 /* DiscoverViewController.swift in Sources */ = {isa = PBXBuildFile; fileRef = 1421602F200E6D1E00C6B746 /* DiscoverViewController.swift */; };
		14216032200E6DCC00C6B746 /* Home.storyboard in Resources */ = {isa = PBXBuildFile; fileRef = 14216031200E6DCC00C6B746 /* Home.storyboard */; };
		144AD6E22019EF2B002A5AA0 /* UserAccountTools.swift in Sources */ = {isa = PBXBuildFile; fileRef = 144AD6E12019EF2B002A5AA0 /* UserAccountTools.swift */; };
		144AD6E72019FDEB002A5AA0 /* WelcomeViewController.swift in Sources */ = {isa = PBXBuildFile; fileRef = 144AD6E52019FDEB002A5AA0 /* WelcomeViewController.swift */; };
		144AD6E82019FDEB002A5AA0 /* WelcomeViewController.xib in Resources */ = {isa = PBXBuildFile; fileRef = 144AD6E62019FDEB002A5AA0 /* WelcomeViewController.xib */; };
		144AD6EB201A4D9D002A5AA0 /* Status.swift in Sources */ = {isa = PBXBuildFile; fileRef = 144AD6EA201A4D9D002A5AA0 /* Status.swift */; };
		144AD6ED201AD065002A5AA0 /* NSDate-Extention.swift in Sources */ = {isa = PBXBuildFile; fileRef = 144AD6EC201AD065002A5AA0 /* NSDate-Extention.swift */; };
		144AD6EF201AD8B3002A5AA0 /* StatusUserInfo.swift in Sources */ = {isa = PBXBuildFile; fileRef = 144AD6EE201AD8B3002A5AA0 /* StatusUserInfo.swift */; };
		144AD6F1201AF08E002A5AA0 /* StatusModelOpt.swift in Sources */ = {isa = PBXBuildFile; fileRef = 144AD6F0201AF08E002A5AA0 /* StatusModelOpt.swift */; };
		144AD6F3201B0624002A5AA0 /* HomeTableViewCell.swift in Sources */ = {isa = PBXBuildFile; fileRef = 144AD6F2201B0624002A5AA0 /* HomeTableViewCell.swift */; };
		147CA345200E6E9F00543180 /* Message.storyboard in Resources */ = {isa = PBXBuildFile; fileRef = 147CA343200E6E9F00543180 /* Message.storyboard */; };
		147CA34A200E6FB500543180 /* Compose.storyboard in Resources */ = {isa = PBXBuildFile; fileRef = 147CA348200E6FB500543180 /* Compose.storyboard */; };
		147CA34C200E6FED00543180 /* Discover.storyboard in Resources */ = {isa = PBXBuildFile; fileRef = 147CA34B200E6FED00543180 /* Discover.storyboard */; };
		147CA34F200E702600543180 /* Profile.storyboard in Resources */ = {isa = PBXBuildFile; fileRef = 147CA34D200E702600543180 /* Profile.storyboard */; };
		14B2128E202B6C5B00BCF00A /* Commons.swift in Sources */ = {isa = PBXBuildFile; fileRef = 14B21282202B6C5B00BCF00A /* Commons.swift */; };
		14B2128F202B6C5B00BCF00A /* EmoticonViewController.swift in Sources */ = {isa = PBXBuildFile; fileRef = 14B21283202B6C5B00BCF00A /* EmoticonViewController.swift */; };
		14B21290202B6C5B00BCF00A /* EmoticonCollectionViewCell.swift in Sources */ = {isa = PBXBuildFile; fileRef = 14B21284202B6C5B00BCF00A /* EmoticonCollectionViewCell.swift */; };
		14B21291202B6C5B00BCF00A /* Emoticons.bundle in Resources */ = {isa = PBXBuildFile; fileRef = 14B21285202B6C5B00BCF00A /* Emoticons.bundle */; };
		14B21292202B6C5B00BCF00A /* EmoticonCollectionFlowLayout.swift in Sources */ = {isa = PBXBuildFile; fileRef = 14B21286202B6C5B00BCF00A /* EmoticonCollectionFlowLayout.swift */; };
		14B21293202B6C5B00BCF00A /* EmoticonAttachment.swift in Sources */ = {isa = PBXBuildFile; fileRef = 14B21287202B6C5B00BCF00A /* EmoticonAttachment.swift */; };
		14B21294202B6C5B00BCF00A /* MatchEmoticon.swift in Sources */ = {isa = PBXBuildFile; fileRef = 14B21288202B6C5B00BCF00A /* MatchEmoticon.swift */; };
		14B21295202B6C5B00BCF00A /* UITextView-Extension.swift in Sources */ = {isa = PBXBuildFile; fileRef = 14B21289202B6C5B00BCF00A /* UITextView-Extension.swift */; };
		14B21296202B6C5B00BCF00A /* Emoticon.swift in Sources */ = {isa = PBXBuildFile; fileRef = 14B2128B202B6C5B00BCF00A /* Emoticon.swift */; };
		14B21297202B6C5B00BCF00A /* EmoticonPackage.swift in Sources */ = {isa = PBXBuildFile; fileRef = 14B2128C202B6C5B00BCF00A /* EmoticonPackage.swift */; };
		14B21298202B6C5B00BCF00A /* EmoticonManager.swift in Sources */ = {isa = PBXBuildFile; fileRef = 14B2128D202B6C5B00BCF00A /* EmoticonManager.swift */; };
		14B2129B202DE57300BCF00A /* PhotoBrowserViewController.swift in Sources */ = {isa = PBXBuildFile; fileRef = 14B2129A202DE57300BCF00A /* PhotoBrowserViewController.swift */; };
		14B765062021CFA000E7B63D /* ComposeViewController.swift in Sources */ = {isa = PBXBuildFile; fileRef = 14B765042021CFA000E7B63D /* ComposeViewController.swift */; };
		14B765072021CFA000E7B63D /* ComposeViewController.xib in Resources */ = {isa = PBXBuildFile; fileRef = 14B765052021CFA000E7B63D /* ComposeViewController.xib */; };
		14B7650A2021E42D00E7B63D /* ComposeTitleView.swift in Sources */ = {isa = PBXBuildFile; fileRef = 14B765092021E42D00E7B63D /* ComposeTitleView.swift */; };
		14B7654020231DE500E7B63D /* PicPickerCollectionView.swift in Sources */ = {isa = PBXBuildFile; fileRef = 14B7653F20231DE500E7B63D /* PicPickerCollectionView.swift */; };
		14B76543202322D100E7B63D /* PicPickerViewCell.swift in Sources */ = {isa = PBXBuildFile; fileRef = 14B76541202322D100E7B63D /* PicPickerViewCell.swift */; };
		14B76544202322D100E7B63D /* PicPickerViewCell.xib in Resources */ = {isa = PBXBuildFile; fileRef = 14B76542202322D100E7B63D /* PicPickerViewCell.xib */; };
		14DEC92C2017662400F4CE5D /* OAuthViewController.swift in Sources */ = {isa = PBXBuildFile; fileRef = 14DEC92A2017662400F4CE5D /* OAuthViewController.swift */; };
		14DEC92D2017662400F4CE5D /* OAuthViewController.xib in Resources */ = {isa = PBXBuildFile; fileRef = 14DEC92B2017662400F4CE5D /* OAuthViewController.xib */; };
		14DEC92F20176FAC00F4CE5D /* Common.swift in Sources */ = {isa = PBXBuildFile; fileRef = 14DEC92E20176FAC00F4CE5D /* Common.swift */; };
		14DEC9312018664E00F4CE5D /* NetworkTools.swift in Sources */ = {isa = PBXBuildFile; fileRef = 14DEC9302018664D00F4CE5D /* NetworkTools.swift */; };
		14DEC9332018770E00F4CE5D /* UserAccount.swift in Sources */ = {isa = PBXBuildFile; fileRef = 14DEC9322018770E00F4CE5D /* UserAccount.swift */; };
		AE81070E6886CE0C41ED7915 /* Pods_weiboLite.framework in Frameworks */ = {isa = PBXBuildFile; fileRef = A31763208653B96A60F8B445 /* Pods_weiboLite.framework */; settings = {ATTRIBUTES = (Required, ); }; };
/* End PBXBuildFile section */

/* Begin PBXFileReference section */
		140AF8212010B019000E9CE4 /* UIBarButtonItem-Extention.swift */ = {isa = PBXFileReference; lastKnownFileType = sourcecode.swift; path = "UIBarButtonItem-Extention.swift"; sourceTree = "<group>"; };
		140AF8232010B5EF000E9CE4 /* TitleButton.swift */ = {isa = PBXFileReference; lastKnownFileType = sourcecode.swift; path = TitleButton.swift; sourceTree = "<group>"; };
		140AF8262010DB90000E9CE4 /* PopoverViewController.swift */ = {isa = PBXFileReference; lastKnownFileType = sourcecode.swift; path = PopoverViewController.swift; sourceTree = "<group>"; };
		140AF8272010DB90000E9CE4 /* PopoverViewController.xib */ = {isa = PBXFileReference; lastKnownFileType = file.xib; path = PopoverViewController.xib; sourceTree = "<group>"; };
		140AF82A2010E95D000E9CE4 /* JWWPresentationController.swift */ = {isa = PBXFileReference; lastKnownFileType = sourcecode.swift; path = JWWPresentationController.swift; sourceTree = "<group>"; };
		140AF82C2014F053000E9CE4 /* JWWPopoverAnimator.swift */ = {isa = PBXFileReference; lastKnownFileType = sourcecode.swift; path = JWWPopoverAnimator.swift; sourceTree = "<group>"; };
		140CC82A20303CF900277E1E /* PhotoBrowserAnimator.swift */ = {isa = PBXFileReference; lastKnownFileType = sourcecode.swift; path = PhotoBrowserAnimator.swift; sourceTree = "<group>"; };
		140E091C200F29CF0035150C /* UIButton-Extension.swift */ = {isa = PBXFileReference; fileEncoding = 4; lastKnownFileType = sourcecode.swift; path = "UIButton-Extension.swift"; sourceTree = "<group>"; };
		140E091F200F4D2F0035150C /* VisitorBaseViewController.swift */ = {isa = PBXFileReference; lastKnownFileType = sourcecode.swift; path = VisitorBaseViewController.swift; sourceTree = "<group>"; };
		140E0923200F54550035150C /* VisitorView.swift */ = {isa = PBXFileReference; lastKnownFileType = sourcecode.swift; path = VisitorView.swift; sourceTree = "<group>"; };
		140E0925200F54950035150C /* VisitorView.xib */ = {isa = PBXFileReference; lastKnownFileType = file.xib; path = VisitorView.xib; sourceTree = "<group>"; };
		141132BA201CDFA7005A579C /* PicView.swift */ = {isa = PBXFileReference; lastKnownFileType = sourcecode.swift; path = PicView.swift; sourceTree = "<group>"; };
		1413D67E202E29A0003D0F61 /* PhotoBrowserViewCell.swift */ = {isa = PBXFileReference; lastKnownFileType = sourcecode.swift; path = PhotoBrowserViewCell.swift; sourceTree = "<group>"; };
		1413D67F202E29A0003D0F61 /* PhotoBrowserViewCell.xib */ = {isa = PBXFileReference; lastKnownFileType = file.xib; path = PhotoBrowserViewCell.xib; sourceTree = "<group>"; };
		1413D682202EE7DA003D0F61 /* ProgressView.swift */ = {isa = PBXFileReference; lastKnownFileType = sourcecode.swift; path = ProgressView.swift; sourceTree = "<group>"; };
		14215F87200DCBF000C6B746 /* weiboLite.app */ = {isa = PBXFileReference; explicitFileType = wrapper.application; includeInIndex = 0; path = weiboLite.app; sourceTree = BUILT_PRODUCTS_DIR; };
		14215F8A200DCBF000C6B746 /* AppDelegate.swift */ = {isa = PBXFileReference; lastKnownFileType = sourcecode.swift; path = AppDelegate.swift; sourceTree = "<group>"; };
		14215F8F200DCBF000C6B746 /* Base */ = {isa = PBXFileReference; lastKnownFileType = file.storyboard; name = Base; path = Base.lproj/Main.storyboard; sourceTree = "<group>"; };
		14215F91200DCBF000C6B746 /* Assets.xcassets */ = {isa = PBXFileReference; lastKnownFileType = folder.assetcatalog; path = Assets.xcassets; sourceTree = "<group>"; };
		14215F94200DCBF000C6B746 /* Base */ = {isa = PBXFileReference; lastKnownFileType = file.storyboard; name = Base; path = Base.lproj/LaunchScreen.storyboard; sourceTree = "<group>"; };
		14215F96200DCBF000C6B746 /* Info.plist */ = {isa = PBXFileReference; lastKnownFileType = text.plist.xml; path = Info.plist; sourceTree = "<group>"; };
		14216017200E446100C6B746 /* MainViewController.swift */ = {isa = PBXFileReference; lastKnownFileType = sourcecode.swift; path = MainViewController.swift; sourceTree = "<group>"; };
		14216029200E6CFB00C6B746 /* ProfileViewController.swift */ = {isa = PBXFileReference; lastKnownFileType = sourcecode.swift; path = ProfileViewController.swift; sourceTree = "<group>"; };
		1421602B200E6D0800C6B746 /* MessageViewController.swift */ = {isa = PBXFileReference; lastKnownFileType = sourcecode.swift; path = MessageViewController.swift; sourceTree = "<group>"; };
		1421602D200E6D1300C6B746 /* HomeViewController.swift */ = {isa = PBXFileReference; lastKnownFileType = sourcecode.swift; path = HomeViewController.swift; sourceTree = "<group>"; };
		1421602F200E6D1E00C6B746 /* DiscoverViewController.swift */ = {isa = PBXFileReference; lastKnownFileType = sourcecode.swift; path = DiscoverViewController.swift; sourceTree = "<group>"; };
		14216031200E6DCC00C6B746 /* Home.storyboard */ = {isa = PBXFileReference; fileEncoding = 4; lastKnownFileType = file.storyboard; path = Home.storyboard; sourceTree = "<group>"; };
		144AD6E12019EF2B002A5AA0 /* UserAccountTools.swift */ = {isa = PBXFileReference; lastKnownFileType = sourcecode.swift; path = UserAccountTools.swift; sourceTree = "<group>"; };
		144AD6E52019FDEB002A5AA0 /* WelcomeViewController.swift */ = {isa = PBXFileReference; lastKnownFileType = sourcecode.swift; path = WelcomeViewController.swift; sourceTree = "<group>"; };
		144AD6E62019FDEB002A5AA0 /* WelcomeViewController.xib */ = {isa = PBXFileReference; lastKnownFileType = file.xib; path = WelcomeViewController.xib; sourceTree = "<group>"; };
		144AD6EA201A4D9D002A5AA0 /* Status.swift */ = {isa = PBXFileReference; lastKnownFileType = sourcecode.swift; path = Status.swift; sourceTree = "<group>"; };
		144AD6EC201AD065002A5AA0 /* NSDate-Extention.swift */ = {isa = PBXFileReference; lastKnownFileType = sourcecode.swift; path = "NSDate-Extention.swift"; sourceTree = "<group>"; };
		144AD6EE201AD8B3002A5AA0 /* StatusUserInfo.swift */ = {isa = PBXFileReference; lastKnownFileType = sourcecode.swift; path = StatusUserInfo.swift; sourceTree = "<group>"; };
		144AD6F0201AF08E002A5AA0 /* StatusModelOpt.swift */ = {isa = PBXFileReference; lastKnownFileType = sourcecode.swift; path = StatusModelOpt.swift; sourceTree = "<group>"; };
		144AD6F2201B0624002A5AA0 /* HomeTableViewCell.swift */ = {isa = PBXFileReference; lastKnownFileType = sourcecode.swift; path = HomeTableViewCell.swift; sourceTree = "<group>"; };
		147CA344200E6E9F00543180 /* Base */ = {isa = PBXFileReference; lastKnownFileType = file.storyboard; name = Base; path = weiboLite/Base.lproj/Message.storyboard; sourceTree = "<group>"; };
		147CA349200E6FB500543180 /* Base */ = {isa = PBXFileReference; lastKnownFileType = file.storyboard; name = Base; path = weiboLite/Base.lproj/Compose.storyboard; sourceTree = "<group>"; };
		147CA34B200E6FED00543180 /* Discover.storyboard */ = {isa = PBXFileReference; fileEncoding = 4; lastKnownFileType = file.storyboard; path = Discover.storyboard; sourceTree = "<group>"; };
		147CA34E200E702600543180 /* Base */ = {isa = PBXFileReference; lastKnownFileType = file.storyboard; name = Base; path = weiboLite/Base.lproj/Profile.storyboard; sourceTree = "<group>"; };
		14B21282202B6C5B00BCF00A /* Commons.swift */ = {isa = PBXFileReference; fileEncoding = 4; lastKnownFileType = sourcecode.swift; path = Commons.swift; sourceTree = "<group>"; };
		14B21283202B6C5B00BCF00A /* EmoticonViewController.swift */ = {isa = PBXFileReference; fileEncoding = 4; lastKnownFileType = sourcecode.swift; path = EmoticonViewController.swift; sourceTree = "<group>"; };
		14B21284202B6C5B00BCF00A /* EmoticonCollectionViewCell.swift */ = {isa = PBXFileReference; fileEncoding = 4; lastKnownFileType = sourcecode.swift; path = EmoticonCollectionViewCell.swift; sourceTree = "<group>"; };
		14B21285202B6C5B00BCF00A /* Emoticons.bundle */ = {isa = PBXFileReference; lastKnownFileType = "wrapper.plug-in"; path = Emoticons.bundle; sourceTree = "<group>"; };
		14B21286202B6C5B00BCF00A /* EmoticonCollectionFlowLayout.swift */ = {isa = PBXFileReference; fileEncoding = 4; lastKnownFileType = sourcecode.swift; path = EmoticonCollectionFlowLayout.swift; sourceTree = "<group>"; };
		14B21287202B6C5B00BCF00A /* EmoticonAttachment.swift */ = {isa = PBXFileReference; fileEncoding = 4; lastKnownFileType = sourcecode.swift; path = EmoticonAttachment.swift; sourceTree = "<group>"; };
		14B21288202B6C5B00BCF00A /* MatchEmoticon.swift */ = {isa = PBXFileReference; fileEncoding = 4; lastKnownFileType = sourcecode.swift; path = MatchEmoticon.swift; sourceTree = "<group>"; };
		14B21289202B6C5B00BCF00A /* UITextView-Extension.swift */ = {isa = PBXFileReference; fileEncoding = 4; lastKnownFileType = sourcecode.swift; path = "UITextView-Extension.swift"; sourceTree = "<group>"; };
		14B2128B202B6C5B00BCF00A /* Emoticon.swift */ = {isa = PBXFileReference; fileEncoding = 4; lastKnownFileType = sourcecode.swift; path = Emoticon.swift; sourceTree = "<group>"; };
		14B2128C202B6C5B00BCF00A /* EmoticonPackage.swift */ = {isa = PBXFileReference; fileEncoding = 4; lastKnownFileType = sourcecode.swift; path = EmoticonPackage.swift; sourceTree = "<group>"; };
		14B2128D202B6C5B00BCF00A /* EmoticonManager.swift */ = {isa = PBXFileReference; fileEncoding = 4; lastKnownFileType = sourcecode.swift; path = EmoticonManager.swift; sourceTree = "<group>"; };
		14B2129A202DE57300BCF00A /* PhotoBrowserViewController.swift */ = {isa = PBXFileReference; lastKnownFileType = sourcecode.swift; path = PhotoBrowserViewController.swift; sourceTree = "<group>"; };
		14B765042021CFA000E7B63D /* ComposeViewController.swift */ = {isa = PBXFileReference; lastKnownFileType = sourcecode.swift; path = ComposeViewController.swift; sourceTree = "<group>"; };
		14B765052021CFA000E7B63D /* ComposeViewController.xib */ = {isa = PBXFileReference; lastKnownFileType = file.xib; path = ComposeViewController.xib; sourceTree = "<group>"; };
		14B765092021E42D00E7B63D /* ComposeTitleView.swift */ = {isa = PBXFileReference; lastKnownFileType = sourcecode.swift; path = ComposeTitleView.swift; sourceTree = "<group>"; };
		14B7653F20231DE500E7B63D /* PicPickerCollectionView.swift */ = {isa = PBXFileReference; lastKnownFileType = sourcecode.swift; path = PicPickerCollectionView.swift; sourceTree = "<group>"; };
		14B76541202322D100E7B63D /* PicPickerViewCell.swift */ = {isa = PBXFileReference; lastKnownFileType = sourcecode.swift; path = PicPickerViewCell.swift; sourceTree = "<group>"; };
		14B76542202322D100E7B63D /* PicPickerViewCell.xib */ = {isa = PBXFileReference; lastKnownFileType = file.xib; path = PicPickerViewCell.xib; sourceTree = "<group>"; };
		14DEC92A2017662400F4CE5D /* OAuthViewController.swift */ = {isa = PBXFileReference; lastKnownFileType = sourcecode.swift; path = OAuthViewController.swift; sourceTree = "<group>"; };
		14DEC92B2017662400F4CE5D /* OAuthViewController.xib */ = {isa = PBXFileReference; lastKnownFileType = file.xib; path = OAuthViewController.xib; sourceTree = "<group>"; };
		14DEC92E20176FAC00F4CE5D /* Common.swift */ = {isa = PBXFileReference; lastKnownFileType = sourcecode.swift; path = Common.swift; sourceTree = "<group>"; };
		14DEC9302018664D00F4CE5D /* NetworkTools.swift */ = {isa = PBXFileReference; fileEncoding = 4; lastKnownFileType = sourcecode.swift; path = NetworkTools.swift; sourceTree = "<group>"; };
		14DEC9322018770E00F4CE5D /* UserAccount.swift */ = {isa = PBXFileReference; lastKnownFileType = sourcecode.swift; path = UserAccount.swift; sourceTree = "<group>"; };
		4AB306C2E1FBCC66B7772F63 /* Pods-weiboLite.release.xcconfig */ = {isa = PBXFileReference; includeInIndex = 1; lastKnownFileType = text.xcconfig; name = "Pods-weiboLite.release.xcconfig"; path = "Pods/Target Support Files/Pods-weiboLite/Pods-weiboLite.release.xcconfig"; sourceTree = "<group>"; };
		653EE2B166D9C5760102EF4A /* Pods-weiboLite.debug.xcconfig */ = {isa = PBXFileReference; includeInIndex = 1; lastKnownFileType = text.xcconfig; name = "Pods-weiboLite.debug.xcconfig"; path = "Pods/Target Support Files/Pods-weiboLite/Pods-weiboLite.debug.xcconfig"; sourceTree = "<group>"; };
		A31763208653B96A60F8B445 /* Pods_weiboLite.framework */ = {isa = PBXFileReference; explicitFileType = wrapper.framework; includeInIndex = 0; path = Pods_weiboLite.framework; sourceTree = BUILT_PRODUCTS_DIR; };
/* End PBXFileReference section */

/* Begin PBXFrameworksBuildPhase section */
		14215F84200DCBF000C6B746 /* Frameworks */ = {
			isa = PBXFrameworksBuildPhase;
			buildActionMask = 2147483647;
			files = (
				AE81070E6886CE0C41ED7915 /* Pods_weiboLite.framework in Frameworks */,
			);
			runOnlyForDeploymentPostprocessing = 0;
		};
/* End PBXFrameworksBuildPhase section */

/* Begin PBXGroup section */
		140AF8252010DB69000E9CE4 /* UIPopover */ = {
			isa = PBXGroup;
			children = (
				140AF8262010DB90000E9CE4 /* PopoverViewController.swift */,
				140AF8272010DB90000E9CE4 /* PopoverViewController.xib */,
				140AF82A2010E95D000E9CE4 /* JWWPresentationController.swift */,
				140AF82C2014F053000E9CE4 /* JWWPopoverAnimator.swift */,
			);
			path = UIPopover;
			sourceTree = "<group>";
		};
		140E091A200F29CF0035150C /* Tools */ = {
			isa = PBXGroup;
			children = (
				14B21281202B6C5B00BCF00A /* Emoticon */,
				140E091B200F29CF0035150C /* Category */,
				140AF8232010B5EF000E9CE4 /* TitleButton.swift */,
				14DEC92E20176FAC00F4CE5D /* Common.swift */,
				14DEC9302018664D00F4CE5D /* NetworkTools.swift */,
				144AD6E12019EF2B002A5AA0 /* UserAccountTools.swift */,
			);
			path = Tools;
			sourceTree = "<group>";
		};
		140E091B200F29CF0035150C /* Category */ = {
			isa = PBXGroup;
			children = (
				140E091C200F29CF0035150C /* UIButton-Extension.swift */,
				140AF8212010B019000E9CE4 /* UIBarButtonItem-Extention.swift */,
				144AD6EC201AD065002A5AA0 /* NSDate-Extention.swift */,
			);
			path = Category;
			sourceTree = "<group>";
		};
		140E091E200F4CFD0035150C /* Visitor */ = {
			isa = PBXGroup;
			children = (
				140E091F200F4D2F0035150C /* VisitorBaseViewController.swift */,
				140E0923200F54550035150C /* VisitorView.swift */,
				140E0925200F54950035150C /* VisitorView.xib */,
			);
			path = Visitor;
			sourceTree = "<group>";
		};
		14215F7E200DCBF000C6B746 = {
			isa = PBXGroup;
			children = (
				14215F89200DCBF000C6B746 /* weiboLite */,
				14215F88200DCBF000C6B746 /* Products */,
				D99D8C1A186860E6DD3E01B1 /* Pods */,
				D81A4A5BB2671C5EDE4E8FAA /* Frameworks */,
			);
			sourceTree = "<group>";
		};
		14215F88200DCBF000C6B746 /* Products */ = {
			isa = PBXGroup;
			children = (
				14215F87200DCBF000C6B746 /* weiboLite.app */,
			);
			name = Products;
			sourceTree = "<group>";
		};
		14215F89200DCBF000C6B746 /* weiboLite */ = {
			isa = PBXGroup;
			children = (
				14216011200E440400C6B746 /* Classes */,
				14215F8A200DCBF000C6B746 /* AppDelegate.swift */,
				14215F8E200DCBF000C6B746 /* Main.storyboard */,
				14215F91200DCBF000C6B746 /* Assets.xcassets */,
				14215F93200DCBF000C6B746 /* LaunchScreen.storyboard */,
				14215F96200DCBF000C6B746 /* Info.plist */,
			);
			path = weiboLite;
			sourceTree = "<group>";
		};
		14216011200E440400C6B746 /* Classes */ = {
			isa = PBXGroup;
			children = (
				140E091A200F29CF0035150C /* Tools */,
				14216025200E6CD400C6B746 /* Discover */,
				14216028200E6CD400C6B746 /* Home */,
				14216027200E6CD400C6B746 /* Message */,
				14216026200E6CD400C6B746 /* Profile */,
				14216016200E440400C6B746 /* Main */,
			);
			path = Classes;
			sourceTree = SOURCE_ROOT;
		};
		14216016200E440400C6B746 /* Main */ = {
			isa = PBXGroup;
			children = (
				14B765082021E40A00E7B63D /* Compose */,
				144AD6E42019FD6B002A5AA0 /* Welcome */,
				14DEC929201765B500F4CE5D /* OAuth */,
				140E091E200F4CFD0035150C /* Visitor */,
				147CA348200E6FB500543180 /* Compose.storyboard */,
				14216017200E446100C6B746 /* MainViewController.swift */,
			);
			path = Main;
			sourceTree = "<group>";
		};
		14216025200E6CD400C6B746 /* Discover */ = {
			isa = PBXGroup;
			children = (
				147CA34B200E6FED00543180 /* Discover.storyboard */,
				1421602F200E6D1E00C6B746 /* DiscoverViewController.swift */,
			);
			name = Discover;
			path = Classes/Discover;
			sourceTree = SOURCE_ROOT;
		};
		14216026200E6CD400C6B746 /* Profile */ = {
			isa = PBXGroup;
			children = (
				147CA34D200E702600543180 /* Profile.storyboard */,
				14216029200E6CFB00C6B746 /* ProfileViewController.swift */,
			);
			name = Profile;
			path = Classes/Profile;
			sourceTree = SOURCE_ROOT;
		};
		14216027200E6CD400C6B746 /* Message */ = {
			isa = PBXGroup;
			children = (
				147CA343200E6E9F00543180 /* Message.storyboard */,
				1421602B200E6D0800C6B746 /* MessageViewController.swift */,
			);
			name = Message;
			path = Classes/Message;
			sourceTree = SOURCE_ROOT;
		};
		14216028200E6CD400C6B746 /* Home */ = {
			isa = PBXGroup;
			children = (
				14B21299202DE54B00BCF00A /* PhotoBrowser */,
				144AD6E9201A4D61002A5AA0 /* DataModel */,
				140AF8252010DB69000E9CE4 /* UIPopover */,
				14216031200E6DCC00C6B746 /* Home.storyboard */,
				1421602D200E6D1300C6B746 /* HomeViewController.swift */,
				144AD6F2201B0624002A5AA0 /* HomeTableViewCell.swift */,
				141132BA201CDFA7005A579C /* PicView.swift */,
			);
			name = Home;
			path = Classes/Home;
			sourceTree = SOURCE_ROOT;
		};
		144AD6E42019FD6B002A5AA0 /* Welcome */ = {
			isa = PBXGroup;
			children = (
				144AD6E52019FDEB002A5AA0 /* WelcomeViewController.swift */,
				144AD6E62019FDEB002A5AA0 /* WelcomeViewController.xib */,
			);
			path = Welcome;
			sourceTree = "<group>";
		};
		144AD6E9201A4D61002A5AA0 /* DataModel */ = {
			isa = PBXGroup;
			children = (
				144AD6EA201A4D9D002A5AA0 /* Status.swift */,
				144AD6EE201AD8B3002A5AA0 /* StatusUserInfo.swift */,
				144AD6F0201AF08E002A5AA0 /* StatusModelOpt.swift */,
			);
			path = DataModel;
			sourceTree = "<group>";
		};
		14B21281202B6C5B00BCF00A /* Emoticon */ = {
			isa = PBXGroup;
			children = (
				14B21282202B6C5B00BCF00A /* Commons.swift */,
				14B21283202B6C5B00BCF00A /* EmoticonViewController.swift */,
				14B21284202B6C5B00BCF00A /* EmoticonCollectionViewCell.swift */,
				14B21285202B6C5B00BCF00A /* Emoticons.bundle */,
				14B21286202B6C5B00BCF00A /* EmoticonCollectionFlowLayout.swift */,
				14B21287202B6C5B00BCF00A /* EmoticonAttachment.swift */,
				14B21288202B6C5B00BCF00A /* MatchEmoticon.swift */,
				14B21289202B6C5B00BCF00A /* UITextView-Extension.swift */,
				14B2128A202B6C5B00BCF00A /* Model */,
			);
			name = Emoticon;
			path = "../../../../../../swift练习/12.表情键盘/DefineEmoticonKeyboard/12.自定义表情键盘/Emoticon";
			sourceTree = "<group>";
		};
		14B2128A202B6C5B00BCF00A /* Model */ = {
			isa = PBXGroup;
			children = (
				14B2128B202B6C5B00BCF00A /* Emoticon.swift */,
				14B2128C202B6C5B00BCF00A /* EmoticonPackage.swift */,
				14B2128D202B6C5B00BCF00A /* EmoticonManager.swift */,
			);
			path = Model;
			sourceTree = "<group>";
		};
		14B21299202DE54B00BCF00A /* PhotoBrowser */ = {
			isa = PBXGroup;
			children = (
				14B2129A202DE57300BCF00A /* PhotoBrowserViewController.swift */,
				1413D67E202E29A0003D0F61 /* PhotoBrowserViewCell.swift */,
				1413D67F202E29A0003D0F61 /* PhotoBrowserViewCell.xib */,
				1413D682202EE7DA003D0F61 /* ProgressView.swift */,
				140CC82A20303CF900277E1E /* PhotoBrowserAnimator.swift */,
			);
			path = PhotoBrowser;
			sourceTree = "<group>";
		};
		14B765082021E40A00E7B63D /* Compose */ = {
			isa = PBXGroup;
			children = (
				14B7653E202318C700E7B63D /* PicPicker */,
				14B765042021CFA000E7B63D /* ComposeViewController.swift */,
				14B765052021CFA000E7B63D /* ComposeViewController.xib */,
				14B765092021E42D00E7B63D /* ComposeTitleView.swift */,
			);
			path = Compose;
			sourceTree = "<group>";
		};
		14B7653E202318C700E7B63D /* PicPicker */ = {
			isa = PBXGroup;
			children = (
				14B7653F20231DE500E7B63D /* PicPickerCollectionView.swift */,
				14B76541202322D100E7B63D /* PicPickerViewCell.swift */,
				14B76542202322D100E7B63D /* PicPickerViewCell.xib */,
			);
			path = PicPicker;
			sourceTree = "<group>";
		};
		14DEC929201765B500F4CE5D /* OAuth */ = {
			isa = PBXGroup;
			children = (
				14DEC92A2017662400F4CE5D /* OAuthViewController.swift */,
				14DEC92B2017662400F4CE5D /* OAuthViewController.xib */,
				14DEC9322018770E00F4CE5D /* UserAccount.swift */,
			);
			path = OAuth;
			sourceTree = "<group>";
		};
		D81A4A5BB2671C5EDE4E8FAA /* Frameworks */ = {
			isa = PBXGroup;
			children = (
				A31763208653B96A60F8B445 /* Pods_weiboLite.framework */,
			);
			name = Frameworks;
			sourceTree = "<group>";
		};
		D99D8C1A186860E6DD3E01B1 /* Pods */ = {
			isa = PBXGroup;
			children = (
				653EE2B166D9C5760102EF4A /* Pods-weiboLite.debug.xcconfig */,
				4AB306C2E1FBCC66B7772F63 /* Pods-weiboLite.release.xcconfig */,
			);
			name = Pods;
			sourceTree = "<group>";
		};
/* End PBXGroup section */

/* Begin PBXNativeTarget section */
		14215F86200DCBF000C6B746 /* weiboLite */ = {
			isa = PBXNativeTarget;
			buildConfigurationList = 14215F99200DCBF000C6B746 /* Build configuration list for PBXNativeTarget "weiboLite" */;
			buildPhases = (
				FBBD6CF77C9383C3A96CC022 /* [CP] Check Pods Manifest.lock */,
				14215F83200DCBF000C6B746 /* Sources */,
				14215F84200DCBF000C6B746 /* Frameworks */,
				14215F85200DCBF000C6B746 /* Resources */,
				09EE4636B7DA5B00A2B28F5B /* [CP] Embed Pods Frameworks */,
				72977F80EA7479A615733274 /* [CP] Copy Pods Resources */,
			);
			buildRules = (
			);
			dependencies = (
			);
			name = weiboLite;
			productName = weiboLite;
			productReference = 14215F87200DCBF000C6B746 /* weiboLite.app */;
			productType = "com.apple.product-type.application";
		};
/* End PBXNativeTarget section */

/* Begin PBXProject section */
		14215F7F200DCBF000C6B746 /* Project object */ = {
			isa = PBXProject;
			attributes = {
				CLASSPREFIX = JWW;
				LastSwiftUpdateCheck = 0920;
				LastUpgradeCheck = 0920;
				ORGANIZATIONNAME = Elvis;
				TargetAttributes = {
					14215F86200DCBF000C6B746 = {
						CreatedOnToolsVersion = 9.2;
						ProvisioningStyle = Automatic;
					};
				};
			};
			buildConfigurationList = 14215F82200DCBF000C6B746 /* Build configuration list for PBXProject "weiboLite" */;
			compatibilityVersion = "Xcode 8.0";
			developmentRegion = en;
			hasScannedForEncodings = 0;
			knownRegions = (
				en,
				Base,
			);
			mainGroup = 14215F7E200DCBF000C6B746;
			productRefGroup = 14215F88200DCBF000C6B746 /* Products */;
			projectDirPath = "";
			projectRoot = "";
			targets = (
				14215F86200DCBF000C6B746 /* weiboLite */,
			);
		};
/* End PBXProject section */

/* Begin PBXResourcesBuildPhase section */
		14215F85200DCBF000C6B746 /* Resources */ = {
			isa = PBXResourcesBuildPhase;
			buildActionMask = 2147483647;
			files = (
				14B765072021CFA000E7B63D /* ComposeViewController.xib in Resources */,
				14215F95200DCBF000C6B746 /* LaunchScreen.storyboard in Resources */,
				1413D681202E29A0003D0F61 /* PhotoBrowserViewCell.xib in Resources */,
				147CA34A200E6FB500543180 /* Compose.storyboard in Resources */,
				147CA34F200E702600543180 /* Profile.storyboard in Resources */,
				14B21291202B6C5B00BCF00A /* Emoticons.bundle in Resources */,
				14216032200E6DCC00C6B746 /* Home.storyboard in Resources */,
				140AF8292010DB91000E9CE4 /* PopoverViewController.xib in Resources */,
				144AD6E82019FDEB002A5AA0 /* WelcomeViewController.xib in Resources */,
				14B76544202322D100E7B63D /* PicPickerViewCell.xib in Resources */,
				14215F92200DCBF000C6B746 /* Assets.xcassets in Resources */,
				14DEC92D2017662400F4CE5D /* OAuthViewController.xib in Resources */,
				14215F90200DCBF000C6B746 /* Main.storyboard in Resources */,
				147CA34C200E6FED00543180 /* Discover.storyboard in Resources */,
				147CA345200E6E9F00543180 /* Message.storyboard in Resources */,
				140E0926200F54950035150C /* VisitorView.xib in Resources */,
			);
			runOnlyForDeploymentPostprocessing = 0;
		};
/* End PBXResourcesBuildPhase section */

/* Begin PBXShellScriptBuildPhase section */
		09EE4636B7DA5B00A2B28F5B /* [CP] Embed Pods Frameworks */ = {
			isa = PBXShellScriptBuildPhase;
			buildActionMask = 12;
			files = (
			);
			inputPaths = (
				"${SRCROOT}/Pods/Target Support Files/Pods-weiboLite/Pods-weiboLite-frameworks.sh",
				"${BUILT_PRODUCTS_DIR}/AFNetworking/AFNetworking.framework",
				"${BUILT_PRODUCTS_DIR}/MJRefresh/MJRefresh.framework",
				"${BUILT_PRODUCTS_DIR}/SDWebImage/SDWebImage.framework",
				"${BUILT_PRODUCTS_DIR}/SVProgressHUD/SVProgressHUD.framework",
				"${BUILT_PRODUCTS_DIR}/SnapKit/SnapKit.framework",
			);
			name = "[CP] Embed Pods Frameworks";
			outputPaths = (
				"${TARGET_BUILD_DIR}/${FRAMEWORKS_FOLDER_PATH}/AFNetworking.framework",
				"${TARGET_BUILD_DIR}/${FRAMEWORKS_FOLDER_PATH}/MJRefresh.framework",
				"${TARGET_BUILD_DIR}/${FRAMEWORKS_FOLDER_PATH}/SDWebImage.framework",
				"${TARGET_BUILD_DIR}/${FRAMEWORKS_FOLDER_PATH}/SVProgressHUD.framework",
				"${TARGET_BUILD_DIR}/${FRAMEWORKS_FOLDER_PATH}/SnapKit.framework",
			);
			runOnlyForDeploymentPostprocessing = 0;
			shellPath = /bin/sh;
			shellScript = "\"${SRCROOT}/Pods/Target Support Files/Pods-weiboLite/Pods-weiboLite-frameworks.sh\"\n";
			showEnvVarsInLog = 0;
		};
		72977F80EA7479A615733274 /* [CP] Copy Pods Resources */ = {
			isa = PBXShellScriptBuildPhase;
			buildActionMask = 2147483647;
			files = (
			);
			inputPaths = (
			);
			name = "[CP] Copy Pods Resources";
			outputPaths = (
			);
			runOnlyForDeploymentPostprocessing = 0;
			shellPath = /bin/sh;
			shellScript = "\"${SRCROOT}/Pods/Target Support Files/Pods-weiboLite/Pods-weiboLite-resources.sh\"\n";
			showEnvVarsInLog = 0;
		};
		FBBD6CF77C9383C3A96CC022 /* [CP] Check Pods Manifest.lock */ = {
			isa = PBXShellScriptBuildPhase;
			buildActionMask = 2147483647;
			files = (
			);
			inputPaths = (
				"${PODS_PODFILE_DIR_PATH}/Podfile.lock",
				"${PODS_ROOT}/Manifest.lock",
			);
			name = "[CP] Check Pods Manifest.lock";
			outputPaths = (
				"$(DERIVED_FILE_DIR)/Pods-weiboLite-checkManifestLockResult.txt",
			);
			runOnlyForDeploymentPostprocessing = 0;
			shellPath = /bin/sh;
			shellScript = "diff \"${PODS_PODFILE_DIR_PATH}/Podfile.lock\" \"${PODS_ROOT}/Manifest.lock\" > /dev/null\nif [ $? != 0 ] ; then\n    # print error to STDERR\n    echo \"error: The sandbox is not in sync with the Podfile.lock. Run 'pod install' or update your CocoaPods installation.\" >&2\n    exit 1\nfi\n# This output is used by Xcode 'outputs' to avoid re-running this script phase.\necho \"SUCCESS\" > \"${SCRIPT_OUTPUT_FILE_0}\"\n";
			showEnvVarsInLog = 0;
		};
/* End PBXShellScriptBuildPhase section */

/* Begin PBXSourcesBuildPhase section */
		14215F83200DCBF000C6B746 /* Sources */ = {
			isa = PBXSourcesBuildPhase;
			buildActionMask = 2147483647;
			files = (
				14B21293202B6C5B00BCF00A /* EmoticonAttachment.swift in Sources */,
				14DEC92F20176FAC00F4CE5D /* Common.swift in Sources */,
				144AD6ED201AD065002A5AA0 /* NSDate-Extention.swift in Sources */,
				144AD6E72019FDEB002A5AA0 /* WelcomeViewController.swift in Sources */,
				14DEC9312018664E00F4CE5D /* NetworkTools.swift in Sources */,
				1413D683202EE7DA003D0F61 /* ProgressView.swift in Sources */,
				14B7650A2021E42D00E7B63D /* ComposeTitleView.swift in Sources */,
				1413D680202E29A0003D0F61 /* PhotoBrowserViewCell.swift in Sources */,
				14DEC9332018770E00F4CE5D /* UserAccount.swift in Sources */,
				140AF82B2010E95D000E9CE4 /* JWWPresentationController.swift in Sources */,
				1421602E200E6D1300C6B746 /* HomeViewController.swift in Sources */,
				14B21294202B6C5B00BCF00A /* MatchEmoticon.swift in Sources */,
				144AD6EF201AD8B3002A5AA0 /* StatusUserInfo.swift in Sources */,
				144AD6E22019EF2B002A5AA0 /* UserAccountTools.swift in Sources */,
				14B765062021CFA000E7B63D /* ComposeViewController.swift in Sources */,
				144AD6EB201A4D9D002A5AA0 /* Status.swift in Sources */,
				140E091D200F29CF0035150C /* UIButton-Extension.swift in Sources */,
				144AD6F3201B0624002A5AA0 /* HomeTableViewCell.swift in Sources */,
				1421602A200E6CFB00C6B746 /* ProfileViewController.swift in Sources */,
				14B21298202B6C5B00BCF00A /* EmoticonManager.swift in Sources */,
				14B2128E202B6C5B00BCF00A /* Commons.swift in Sources */,
				14DEC92C2017662400F4CE5D /* OAuthViewController.swift in Sources */,
				140CC82B20303CF900277E1E /* PhotoBrowserAnimator.swift in Sources */,
				14215F8B200DCBF000C6B746 /* AppDelegate.swift in Sources */,
				14B7654020231DE500E7B63D /* PicPickerCollectionView.swift in Sources */,
				140AF8282010DB91000E9CE4 /* PopoverViewController.swift in Sources */,
				14B2128F202B6C5B00BCF00A /* EmoticonViewController.swift in Sources */,
				14B76543202322D100E7B63D /* PicPickerViewCell.swift in Sources */,
				14B21290202B6C5B00BCF00A /* EmoticonCollectionViewCell.swift in Sources */,
				14B21292202B6C5B00BCF00A /* EmoticonCollectionFlowLayout.swift in Sources */,
				140AF8242010B5EF000E9CE4 /* TitleButton.swift in Sources */,
				140AF82D2014F053000E9CE4 /* JWWPopoverAnimator.swift in Sources */,
				140E0921200F4D2F0035150C /* VisitorBaseViewController.swift in Sources */,
				14B21297202B6C5B00BCF00A /* EmoticonPackage.swift in Sources */,
				14B21295202B6C5B00BCF00A /* UITextView-Extension.swift in Sources */,
				141132BB201CDFA7005A579C /* PicView.swift in Sources */,
				14216030200E6D1E00C6B746 /* DiscoverViewController.swift in Sources */,
				140E0924200F54550035150C /* VisitorView.swift in Sources */,
				1421602C200E6D0800C6B746 /* MessageViewController.swift in Sources */,
				14216018200E446100C6B746 /* MainViewController.swift in Sources */,
				14B2129B202DE57300BCF00A /* PhotoBrowserViewController.swift in Sources */,
				14B21296202B6C5B00BCF00A /* Emoticon.swift in Sources */,
				140AF8222010B019000E9CE4 /* UIBarButtonItem-Extention.swift in Sources */,
				144AD6F1201AF08E002A5AA0 /* StatusModelOpt.swift in Sources */,
			);
			runOnlyForDeploymentPostprocessing = 0;
		};
/* End PBXSourcesBuildPhase section */

/* Begin PBXVariantGroup section */
		14215F8E200DCBF000C6B746 /* Main.storyboard */ = {
			isa = PBXVariantGroup;
			children = (
				14215F8F200DCBF000C6B746 /* Base */,
			);
			name = Main.storyboard;
			sourceTree = "<group>";
		};
		14215F93200DCBF000C6B746 /* LaunchScreen.storyboard */ = {
			isa = PBXVariantGroup;
			children = (
				14215F94200DCBF000C6B746 /* Base */,
			);
			name = LaunchScreen.storyboard;
			sourceTree = "<group>";
		};
		147CA343200E6E9F00543180 /* Message.storyboard */ = {
			isa = PBXVariantGroup;
			children = (
				147CA344200E6E9F00543180 /* Base */,
			);
			name = Message.storyboard;
			sourceTree = "<group>";
		};
		147CA348200E6FB500543180 /* Compose.storyboard */ = {
			isa = PBXVariantGroup;
			children = (
				147CA349200E6FB500543180 /* Base */,
			);
			name = Compose.storyboard;
			sourceTree = "<group>";
		};
		147CA34D200E702600543180 /* Profile.storyboard */ = {
			isa = PBXVariantGroup;
			children = (
				147CA34E200E702600543180 /* Base */,
			);
			name = Profile.storyboard;
			sourceTree = "<group>";
		};
/* End PBXVariantGroup section */

/* Begin XCBuildConfiguration section */
		14215F97200DCBF000C6B746 /* Debug */ = {
			isa = XCBuildConfiguration;
			buildSettings = {
				ALWAYS_SEARCH_USER_PATHS = NO;
				CLANG_ANALYZER_NONNULL = YES;
				CLANG_ANALYZER_NUMBER_OBJECT_CONVERSION = YES_AGGRESSIVE;
				CLANG_CXX_LANGUAGE_STANDARD = "gnu++14";
				CLANG_CXX_LIBRARY = "libc++";
				CLANG_ENABLE_MODULES = YES;
				CLANG_ENABLE_OBJC_ARC = YES;
				CLANG_WARN_BLOCK_CAPTURE_AUTORELEASING = YES;
				CLANG_WARN_BOOL_CONVERSION = YES;
				CLANG_WARN_COMMA = YES;
				CLANG_WARN_CONSTANT_CONVERSION = YES;
				CLANG_WARN_DIRECT_OBJC_ISA_USAGE = YES_ERROR;
				CLANG_WARN_DOCUMENTATION_COMMENTS = YES;
				CLANG_WARN_EMPTY_BODY = YES;
				CLANG_WARN_ENUM_CONVERSION = YES;
				CLANG_WARN_INFINITE_RECURSION = YES;
				CLANG_WARN_INT_CONVERSION = YES;
				CLANG_WARN_NON_LITERAL_NULL_CONVERSION = YES;
				CLANG_WARN_OBJC_LITERAL_CONVERSION = YES;
				CLANG_WARN_OBJC_ROOT_CLASS = YES_ERROR;
				CLANG_WARN_RANGE_LOOP_ANALYSIS = YES;
				CLANG_WARN_STRICT_PROTOTYPES = YES;
				CLANG_WARN_SUSPICIOUS_MOVE = YES;
				CLANG_WARN_UNGUARDED_AVAILABILITY = YES_AGGRESSIVE;
				CLANG_WARN_UNREACHABLE_CODE = YES;
				CLANG_WARN__DUPLICATE_METHOD_MATCH = YES;
				CODE_SIGN_IDENTITY = "iPhone Developer";
				COPY_PHASE_STRIP = NO;
				DEBUG_INFORMATION_FORMAT = dwarf;
				ENABLE_BITCODE = YES;
				ENABLE_STRICT_OBJC_MSGSEND = YES;
				ENABLE_TESTABILITY = YES;
				FRAMEWORK_SEARCH_PATHS = "";
				GCC_C_LANGUAGE_STANDARD = gnu11;
				GCC_DYNAMIC_NO_PIC = NO;
				GCC_NO_COMMON_BLOCKS = YES;
				GCC_OPTIMIZATION_LEVEL = 0;
				GCC_PREPROCESSOR_DEFINITIONS = (
					"DEBUG=1",
					"$(inherited)",
				);
				GCC_WARN_64_TO_32_BIT_CONVERSION = YES;
				GCC_WARN_ABOUT_RETURN_TYPE = YES_ERROR;
				GCC_WARN_UNDECLARED_SELECTOR = YES;
				GCC_WARN_UNINITIALIZED_AUTOS = YES_AGGRESSIVE;
				GCC_WARN_UNUSED_FUNCTION = YES;
				GCC_WARN_UNUSED_VARIABLE = YES;
				IPHONEOS_DEPLOYMENT_TARGET = 11.2;
				LIBRARY_SEARCH_PATHS = "";
				MTL_ENABLE_DEBUG_INFO = YES;
				ONLY_ACTIVE_ARCH = YES;
				OTHER_LDFLAGS = "";
				SDKROOT = iphoneos;
				SWIFT_ACTIVE_COMPILATION_CONDITIONS = DEBUG;
				SWIFT_OPTIMIZATION_LEVEL = "-Onone";
			};
			name = Debug;
		};
		14215F98200DCBF000C6B746 /* Release */ = {
			isa = XCBuildConfiguration;
			buildSettings = {
				ALWAYS_SEARCH_USER_PATHS = NO;
				CLANG_ANALYZER_NONNULL = YES;
				CLANG_ANALYZER_NUMBER_OBJECT_CONVERSION = YES_AGGRESSIVE;
				CLANG_CXX_LANGUAGE_STANDARD = "gnu++14";
				CLANG_CXX_LIBRARY = "libc++";
				CLANG_ENABLE_MODULES = YES;
				CLANG_ENABLE_OBJC_ARC = YES;
				CLANG_WARN_BLOCK_CAPTURE_AUTORELEASING = YES;
				CLANG_WARN_BOOL_CONVERSION = YES;
				CLANG_WARN_COMMA = YES;
				CLANG_WARN_CONSTANT_CONVERSION = YES;
				CLANG_WARN_DIRECT_OBJC_ISA_USAGE = YES_ERROR;
				CLANG_WARN_DOCUMENTATION_COMMENTS = YES;
				CLANG_WARN_EMPTY_BODY = YES;
				CLANG_WARN_ENUM_CONVERSION = YES;
				CLANG_WARN_INFINITE_RECURSION = YES;
				CLANG_WARN_INT_CONVERSION = YES;
				CLANG_WARN_NON_LITERAL_NULL_CONVERSION = YES;
				CLANG_WARN_OBJC_LITERAL_CONVERSION = YES;
				CLANG_WARN_OBJC_ROOT_CLASS = YES_ERROR;
				CLANG_WARN_RANGE_LOOP_ANALYSIS = YES;
				CLANG_WARN_STRICT_PROTOTYPES = YES;
				CLANG_WARN_SUSPICIOUS_MOVE = YES;
				CLANG_WARN_UNGUARDED_AVAILABILITY = YES_AGGRESSIVE;
				CLANG_WARN_UNREACHABLE_CODE = YES;
				CLANG_WARN__DUPLICATE_METHOD_MATCH = YES;
				CODE_SIGN_IDENTITY = "iPhone Developer";
				COPY_PHASE_STRIP = NO;
				DEBUG_INFORMATION_FORMAT = "dwarf-with-dsym";
				ENABLE_BITCODE = YES;
				ENABLE_NS_ASSERTIONS = NO;
				ENABLE_STRICT_OBJC_MSGSEND = YES;
				FRAMEWORK_SEARCH_PATHS = "";
				GCC_C_LANGUAGE_STANDARD = gnu11;
				GCC_NO_COMMON_BLOCKS = YES;
				GCC_WARN_64_TO_32_BIT_CONVERSION = YES;
				GCC_WARN_ABOUT_RETURN_TYPE = YES_ERROR;
				GCC_WARN_UNDECLARED_SELECTOR = YES;
				GCC_WARN_UNINITIALIZED_AUTOS = YES_AGGRESSIVE;
				GCC_WARN_UNUSED_FUNCTION = YES;
				GCC_WARN_UNUSED_VARIABLE = YES;
				IPHONEOS_DEPLOYMENT_TARGET = 11.2;
				LIBRARY_SEARCH_PATHS = "";
				MTL_ENABLE_DEBUG_INFO = NO;
				ONLY_ACTIVE_ARCH = YES;
				OTHER_LDFLAGS = "";
				SDKROOT = iphoneos;
				SWIFT_OPTIMIZATION_LEVEL = "-Owholemodule";
				VALIDATE_PRODUCT = YES;
			};
			name = Release;
		};
		14215F9A200DCBF000C6B746 /* Debug */ = {
			isa = XCBuildConfiguration;
			baseConfigurationReference = 653EE2B166D9C5760102EF4A /* Pods-weiboLite.debug.xcconfig */;
			buildSettings = {
				ASSETCATALOG_COMPILER_APPICON_NAME = AppIcon;
				CODE_SIGN_STYLE = Automatic;
				DEVELOPMENT_TEAM = TUTPVRWZN7;
				ENABLE_BITCODE = YES;
				INFOPLIST_FILE = weiboLite/Info.plist;
				IPHONEOS_DEPLOYMENT_TARGET = 10.0;
				LD_RUNPATH_SEARCH_PATHS = "$(inherited) @executable_path/Frameworks";
				OTHER_LDFLAGS = "$(inherited)";
				PRODUCT_BUNDLE_IDENTIFIER = Elvis.weiboLite;
				PRODUCT_NAME = "$(TARGET_NAME)";
				SWIFT_VERSION = 4.0;
				TARGETED_DEVICE_FAMILY = 1;
			};
			name = Debug;
		};
		14215F9B200DCBF000C6B746 /* Release */ = {
			isa = XCBuildConfiguration;
			baseConfigurationReference = 4AB306C2E1FBCC66B7772F63 /* Pods-weiboLite.release.xcconfig */;
			buildSettings = {
				ASSETCATALOG_COMPILER_APPICON_NAME = AppIcon;
				CODE_SIGN_STYLE = Automatic;
				DEVELOPMENT_TEAM = TUTPVRWZN7;
				ENABLE_BITCODE = YES;
				INFOPLIST_FILE = weiboLite/Info.plist;
				IPHONEOS_DEPLOYMENT_TARGET = 10.0;
				LD_RUNPATH_SEARCH_PATHS = "$(inherited) @executable_path/Frameworks";
				OTHER_LDFLAGS = "$(inherited)";
				PRODUCT_BUNDLE_IDENTIFIER = Elvis.weiboLite;
				PRODUCT_NAME = "$(TARGET_NAME)";
				SWIFT_VERSION = 4.0;
				TARGETED_DEVICE_FAMILY = 1;
			};
			name = Release;
		};
/* End XCBuildConfiguration section */

/* Begin XCConfigurationList section */
		14215F82200DCBF000C6B746 /* Build configuration list for PBXProject "weiboLite" */ = {
			isa = XCConfigurationList;
			buildConfigurations = (
				14215F97200DCBF000C6B746 /* Debug */,
				14215F98200DCBF000C6B746 /* Release */,
			);
			defaultConfigurationIsVisible = 0;
			defaultConfigurationName = Release;
		};
		14215F99200DCBF000C6B746 /* Build configuration list for PBXNativeTarget "weiboLite" */ = {
			isa = XCConfigurationList;
			buildConfigurations = (
				14215F9A200DCBF000C6B746 /* Debug */,
				14215F9B200DCBF000C6B746 /* Release */,
			);
			defaultConfigurationIsVisible = 0;
			defaultConfigurationName = Release;
		};
/* End XCConfigurationList section */
	};
	rootObject = 14215F7F200DCBF000C6B746 /* Project object */;
}
